
Microsoft Visual Studio Solution File, Format Version 12.00
# Visual Studio Version 17
VisualStudioVersion = 17.14.36203.30
MinimumVisualStudioVersion = 10.0.40219.1
Project("{FAE04EC0-301F-11D3-BF4B-00C04F79EFBC}") = "SC6-EntityFrameWork", "SC6-EntityFrameWork\SC6-EntityFrameWork.csproj", "{C63339AE-A258-4D77-A138-18B86E52E6DA}"
EndProject
Project("{FAE04EC0-301F-11D3-BF4B-00C04F79EFBC}") = "SC6-EntityFrameWork.DAL", "SC6-EntityFrameWork.DAL\SC6-EntityFrameWork.DAL.csproj", "{2437B160-3215-4CCA-B1CC-48281ACB1C65}"
EndProject
Global
	GlobalSection(SolutionConfigurationPlatforms) = preSolution
		Debug|Any CPU = Debug|Any CPU
		Release|Any CPU = Release|Any CPU
	EndGlobalSection
	GlobalSection(ProjectConfigurationPlatforms) = postSolution
		{C63339AE-A258-4D77-A138-18B86E52E6DA}.Debug|Any CPU.ActiveCfg = Debug|Any CPU
		{C63339AE-A258-4D77-A138-18B86E52E6DA}.Debug|Any CPU.Build.0 = Debug|Any CPU
		{C63339AE-A258-4D77-A138-18B86E52E6DA}.Release|Any CPU.ActiveCfg = Release|Any CPU
		{C63339AE-A258-4D77-A138-18B86E52E6DA}.Release|Any CPU.Build.0 = Release|Any CPU
		{2437B160-3215-4CCA-B1CC-48281ACB1C65}.Debug|Any CPU.ActiveCfg = Debug|Any CPU
		{2437B160-3215-4CCA-B1CC-48281ACB1C65}.Debug|Any CPU.Build.0 = Debug|Any CPU
		{2437B160-3215-4CCA-B1CC-48281ACB1C65}.Release|Any CPU.ActiveCfg = Release|Any CPU
		{2437B160-3215-4CCA-B1CC-48281ACB1C65}.Release|Any CPU.Build.0 = Release|Any CPU
	EndGlobalSection
	GlobalSection(SolutionProperties) = preSolution
		HideSolutionNode = FALSE
	EndGlobalSection
	GlobalSection(ExtensibilityGlobals) = postSolution
		SolutionGuid = {9D4EC404-E549-4B6D-A50F-DEEC92EAF9DD}
	EndGlobalSection
EndGlobal
